{
  "version": 4,
  "terraform_version": "0.12.26",
  "serial": 10,
  "lineage": "cca23114-3a95-7e5a-98ce-527eeb65e416",
  "outputs": {},
  "resources": [
    {
      "module": "module.cloudfront-s3-cdn",
      "mode": "data",
      "type": "aws_iam_policy_document",
      "name": "origin",
      "provider": "provider.aws",
      "instances": [
        {
          "schema_version": 0,
          "attributes": {
            "id": "1149999058",
            "json": "{\n  \"Version\": \"2012-10-17\",\n  \"Statement\": [\n    {\n      \"Sid\": \"S3GetObjectForCloudFront\",\n      \"Effect\": \"Allow\",\n      \"Action\": \"s3:GetObject\",\n      \"Resource\": \"arn:aws:s3:::${bucket_name}${origin_path}*\",\n      \"Principal\": {\n        \"AWS\": \"${cloudfront_origin_access_identity_iam_arn}\"\n      }\n    },\n    {\n      \"Sid\": \"S3ListBucketForCloudFront\",\n      \"Effect\": \"Allow\",\n      \"Action\": \"s3:ListBucket\",\n      \"Resource\": \"arn:aws:s3:::${bucket_name}\",\n      \"Principal\": {\n        \"AWS\": \"${cloudfront_origin_access_identity_iam_arn}\"\n      }\n    }\n  ]\n}",
            "override_json": "{}",
            "policy_id": null,
            "source_json": null,
            "statement": [
              {
                "actions": [
                  "s3:GetObject"
                ],
                "condition": [],
                "effect": "Allow",
                "not_actions": [],
                "not_principals": [],
                "not_resources": [],
                "principals": [
                  {
                    "identifiers": [
                      "${cloudfront_origin_access_identity_iam_arn}"
                    ],
                    "type": "AWS"
                  }
                ],
                "resources": [
                  "arn:aws:s3:::${bucket_name}${origin_path}*"
                ],
                "sid": "S3GetObjectForCloudFront"
              },
              {
                "actions": [
                  "s3:ListBucket"
                ],
                "condition": [],
                "effect": "Allow",
                "not_actions": [],
                "not_principals": [],
                "not_resources": [],
                "principals": [
                  {
                    "identifiers": [
                      "${cloudfront_origin_access_identity_iam_arn}"
                    ],
                    "type": "AWS"
                  }
                ],
                "resources": [
                  "arn:aws:s3:::${bucket_name}"
                ],
                "sid": "S3ListBucketForCloudFront"
              }
            ],
            "version": "2012-10-17"
          }
        }
      ]
    },
    {
      "module": "module.cloudfront-s3-cdn",
      "mode": "data",
      "type": "aws_iam_policy_document",
      "name": "origin_website",
      "provider": "provider.aws",
      "instances": [
        {
          "schema_version": 0,
          "attributes": {
            "id": "239689126",
            "json": "{\n  \"Version\": \"2012-10-17\",\n  \"Statement\": [\n    {\n      \"Sid\": \"S3GetObjectForCloudFront\",\n      \"Effect\": \"Allow\",\n      \"Action\": \"s3:GetObject\",\n      \"Resource\": \"arn:aws:s3:::${bucket_name}${origin_path}*\",\n      \"Principal\": {\n        \"AWS\": \"*\"\n      }\n    }\n  ]\n}",
            "override_json": "{}",
            "policy_id": null,
            "source_json": null,
            "statement": [
              {
                "actions": [
                  "s3:GetObject"
                ],
                "condition": [],
                "effect": "Allow",
                "not_actions": [],
                "not_principals": [],
                "not_resources": [],
                "principals": [
                  {
                    "identifiers": [
                      "*"
                    ],
                    "type": "AWS"
                  }
                ],
                "resources": [
                  "arn:aws:s3:::${bucket_name}${origin_path}*"
                ],
                "sid": "S3GetObjectForCloudFront"
              }
            ],
            "version": "2012-10-17"
          }
        }
      ]
    },
    {
      "module": "module.cloudfront-s3-cdn",
      "mode": "data",
      "type": "aws_region",
      "name": "current",
      "provider": "provider.aws",
      "instances": [
        {
          "schema_version": 0,
          "attributes": {
            "current": null,
            "description": "EU (Ireland)",
            "endpoint": "ec2.eu-west-1.amazonaws.com",
            "id": "eu-west-1",
            "name": "eu-west-1"
          }
        }
      ]
    },
    {
      "module": "module.cloudfront-s3-cdn.module.dns",
      "mode": "data",
      "type": "aws_route53_zone",
      "name": "default",
      "each": "list",
      "provider": "provider.aws",
      "instances": []
    },
    {
      "module": "module.cloudfront-s3-cdn",
      "mode": "data",
      "type": "aws_s3_bucket",
      "name": "selected",
      "provider": "provider.aws",
      "instances": [
        {
          "schema_version": 0,
          "attributes": {
            "arn": "arn:aws:s3:::marquee-mark-origin",
            "bucket": "marquee-mark-origin",
            "bucket_domain_name": "marquee-mark-origin.s3.amazonaws.com",
            "bucket_regional_domain_name": "marquee-mark-origin.s3.eu-west-1.amazonaws.com",
            "hosted_zone_id": "Z1BKCTXD74EZPE",
            "id": "marquee-mark-origin",
            "region": "eu-west-1",
            "website_domain": "s3-website-eu-west-1.amazonaws.com",
            "website_endpoint": "marquee-mark-origin.s3-website-eu-west-1.amazonaws.com"
          }
        }
      ]
    },
    {
      "module": "module.cloudfront-s3-cdn",
      "mode": "data",
      "type": "template_file",
      "name": "default",
      "provider": "provider.template",
      "instances": [
        {
          "schema_version": 0,
          "attributes": {
            "filename": null,
            "id": "421918810e5cc5d2ced23da13b7dee1fc1b07e12b0c46daf7017973d90463413",
            "rendered": "{\n  \"Version\": \"2012-10-17\",\n  \"Statement\": [\n    {\n      \"Sid\": \"S3GetObjectForCloudFront\",\n      \"Effect\": \"Allow\",\n      \"Action\": \"s3:GetObject\",\n      \"Resource\": \"arn:aws:s3:::marquee-mark-origin/*\",\n      \"Principal\": {\n        \"AWS\": \"*\"\n      }\n    }\n  ]\n}",
            "template": "{\n  \"Version\": \"2012-10-17\",\n  \"Statement\": [\n    {\n      \"Sid\": \"S3GetObjectForCloudFront\",\n      \"Effect\": \"Allow\",\n      \"Action\": \"s3:GetObject\",\n      \"Resource\": \"arn:aws:s3:::${bucket_name}${origin_path}*\",\n      \"Principal\": {\n        \"AWS\": \"*\"\n      }\n    }\n  ]\n}",
            "vars": {
              "bucket_name": "marquee-mark-origin",
              "cloudfront_origin_access_identity_iam_arn": "arn:aws:iam::cloudfront:user/CloudFront Origin Access Identity E3PZA7DXRN62Z3",
              "origin_path": "/"
            }
          }
        }
      ]
    },
    {
      "module": "module.cloudfront-s3-cdn",
      "mode": "managed",
      "type": "aws_cloudfront_distribution",
      "name": "default",
      "provider": "provider.aws",
      "instances": [
        {
          "schema_version": 1,
          "attributes": {
            "active_trusted_signers": {
              "enabled": "false",
              "items.#": "0"
            },
            "aliases": [],
            "arn": "arn:aws:cloudfront::624995696365:distribution/E2CPOTU7WPIXRI",
            "cache_behavior": [],
            "caller_reference": "terraform-20200821221737190100000002",
            "comment": "Managed by Terraform",
            "custom_error_response": [],
            "default_cache_behavior": [
              {
                "allowed_methods": [
                  "DELETE",
                  "GET",
                  "HEAD",
                  "OPTIONS",
                  "PATCH",
                  "POST",
                  "PUT"
                ],
                "cached_methods": [
                  "GET",
                  "HEAD"
                ],
                "compress": true,
                "default_ttl": 300,
                "field_level_encryption_id": "",
                "forwarded_values": [
                  {
                    "cookies": [
                      {
                        "forward": "none",
                        "whitelisted_names": []
                      }
                    ],
                    "headers": [
                      "Access-Control-Request-Headers",
                      "Access-Control-Request-Method",
                      "Origin"
                    ],
                    "query_string": false,
                    "query_string_cache_keys": []
                  }
                ],
                "lambda_function_association": [],
                "max_ttl": 31536000,
                "min_ttl": 0,
                "smooth_streaming": false,
                "target_origin_id": "marquee-mark",
                "trusted_signers": [],
                "viewer_protocol_policy": "redirect-to-https"
              }
            ],
            "default_root_object": "index.html",
            "domain_name": "d1ndl3nmsgngfs.cloudfront.net",
            "enabled": true,
            "etag": "E3IXEOOVOL26UJ",
            "hosted_zone_id": "Z2FDTNDATAQYW2",
            "http_version": "http2",
            "id": "E2CPOTU7WPIXRI",
            "in_progress_validation_batches": 0,
            "is_ipv6_enabled": true,
            "last_modified_time": "2020-08-21 22:17:39.139 +0000 UTC",
            "logging_config": [
              {
                "bucket": "marquee-mark-logs.s3.amazonaws.com",
                "include_cookies": false,
                "prefix": ""
              }
            ],
            "ordered_cache_behavior": [],
            "origin": [
              {
                "custom_header": [],
                "custom_origin_config": [
                  {
                    "http_port": 80,
                    "https_port": 443,
                    "origin_keepalive_timeout": 5,
                    "origin_protocol_policy": "http-only",
                    "origin_read_timeout": 30,
                    "origin_ssl_protocols": [
                      "TLSv1",
                      "TLSv1.1",
                      "TLSv1.2"
                    ]
                  }
                ],
                "domain_name": "marquee-mark-origin.s3-website.eu-west-1.amazonaws.com",
                "origin_id": "marquee-mark",
                "origin_path": "",
                "s3_origin_config": []
              }
            ],
            "origin_group": [],
            "price_class": "PriceClass_100",
            "restrictions": [
              {
                "geo_restriction": [
                  {
                    "locations": [],
                    "restriction_type": "none"
                  }
                ]
              }
            ],
            "retain_on_delete": false,
            "status": "Deployed",
            "tags": {
              "Name": "marquee-mark"
            },
            "viewer_certificate": [
              {
                "acm_certificate_arn": "",
                "cloudfront_default_certificate": true,
                "iam_certificate_id": "",
                "minimum_protocol_version": "TLSv1",
                "ssl_support_method": ""
              }
            ],
            "wait_for_deployment": true,
            "web_acl_id": ""
          },
          "private": "eyJzY2hlbWFfdmVyc2lvbiI6IjEifQ==",
          "dependencies": [
            "module.cloudfront-s3-cdn.aws_cloudfront_origin_access_identity.default",
            "module.cloudfront-s3-cdn.aws_s3_bucket.origin",
            "module.cloudfront-s3-cdn.module.logs.aws_s3_bucket.default"
          ]
        }
      ]
    },
    {
      "module": "module.cloudfront-s3-cdn",
      "mode": "managed",
      "type": "aws_cloudfront_origin_access_identity",
      "name": "default",
      "each": "list",
      "provider": "provider.aws",
      "instances": [
        {
          "index_key": 0,
          "schema_version": 0,
          "attributes": {
            "caller_reference": "terraform-20200821221721905800000001",
            "cloudfront_access_identity_path": "origin-access-identity/cloudfront/E3PZA7DXRN62Z3",
            "comment": "marquee-mark",
            "etag": "E272IU6MCOAW3W",
            "iam_arn": "arn:aws:iam::cloudfront:user/CloudFront Origin Access Identity E3PZA7DXRN62Z3",
            "id": "E3PZA7DXRN62Z3",
            "s3_canonical_user_id": "8fe83a1403793d27934589d9205e48ceef9c081a7d1198644d8a45e1a6b2ed79eca8f817f772d53d7fba4d6db926623c"
          },
          "private": "bnVsbA=="
        }
      ]
    },
    {
      "module": "module.cloudfront-s3-cdn.module.dns",
      "mode": "managed",
      "type": "aws_route53_record",
      "name": "default",
      "each": "list",
      "provider": "provider.aws",
      "instances": []
    },
    {
      "module": "module.cloudfront-s3-cdn.module.dns",
      "mode": "managed",
      "type": "aws_route53_record",
      "name": "ipv6",
      "each": "list",
      "provider": "provider.aws",
      "instances": []
    },
    {
      "module": "module.cloudfront-s3-cdn.module.logs",
      "mode": "managed",
      "type": "aws_s3_bucket",
      "name": "default",
      "each": "list",
      "provider": "provider.aws",
      "instances": [
        {
          "index_key": 0,
          "schema_version": 0,
          "attributes": {
            "acceleration_status": "",
            "acl": "log-delivery-write",
            "arn": "arn:aws:s3:::marquee-mark-logs",
            "bucket": "marquee-mark-logs",
            "bucket_domain_name": "marquee-mark-logs.s3.amazonaws.com",
            "bucket_prefix": null,
            "bucket_regional_domain_name": "marquee-mark-logs.s3.eu-west-1.amazonaws.com",
            "cors_rule": [],
            "force_destroy": false,
            "grant": [],
            "hosted_zone_id": "Z1BKCTXD74EZPE",
            "id": "marquee-mark-logs",
            "lifecycle_rule": [
              {
                "abort_incomplete_multipart_upload_days": 5,
                "enabled": true,
                "expiration": [
                  {
                    "date": "",
                    "days": 90,
                    "expired_object_delete_marker": false
                  }
                ],
                "id": "marquee-mark-logs",
                "noncurrent_version_expiration": [
                  {
                    "days": 90
                  }
                ],
                "noncurrent_version_transition": [
                  {
                    "days": 30,
                    "storage_class": "GLACIER"
                  }
                ],
                "prefix": "",
                "tags": {},
                "transition": [
                  {
                    "date": "",
                    "days": 30,
                    "storage_class": "STANDARD_IA"
                  },
                  {
                    "date": "",
                    "days": 60,
                    "storage_class": "GLACIER"
                  }
                ]
              }
            ],
            "logging": [],
            "object_lock_configuration": [],
            "policy": "",
            "region": "eu-west-1",
            "replication_configuration": [],
            "request_payer": "BucketOwner",
            "server_side_encryption_configuration": [
              {
                "rule": [
                  {
                    "apply_server_side_encryption_by_default": [
                      {
                        "kms_master_key_id": "",
                        "sse_algorithm": "AES256"
                      }
                    ]
                  }
                ]
              }
            ],
            "tags": {
              "Attributes": "logs",
              "Name": "marquee-mark-logs"
            },
            "versioning": [
              {
                "enabled": false,
                "mfa_delete": false
              }
            ],
            "website": [],
            "website_domain": null,
            "website_endpoint": null
          },
          "private": "bnVsbA=="
        }
      ]
    },
    {
      "module": "module.cloudfront-s3-cdn",
      "mode": "managed",
      "type": "aws_s3_bucket",
      "name": "origin",
      "each": "list",
      "provider": "provider.aws",
      "instances": [
        {
          "index_key": 0,
          "schema_version": 0,
          "attributes": {
            "acceleration_status": "",
            "acl": "private",
            "arn": "arn:aws:s3:::marquee-mark-origin",
            "bucket": "marquee-mark-origin",
            "bucket_domain_name": "marquee-mark-origin.s3.amazonaws.com",
            "bucket_prefix": null,
            "bucket_regional_domain_name": "marquee-mark-origin.s3.eu-west-1.amazonaws.com",
            "cors_rule": [],
            "force_destroy": false,
            "grant": [],
            "hosted_zone_id": "Z1BKCTXD74EZPE",
            "id": "marquee-mark-origin",
            "lifecycle_rule": [],
            "logging": [],
            "object_lock_configuration": [],
            "policy": null,
            "region": "eu-west-1",
            "replication_configuration": [],
            "request_payer": "BucketOwner",
            "server_side_encryption_configuration": [
              {
                "rule": [
                  {
                    "apply_server_side_encryption_by_default": [
                      {
                        "kms_master_key_id": "",
                        "sse_algorithm": "AES256"
                      }
                    ]
                  }
                ]
              }
            ],
            "tags": {
              "Attributes": "origin",
              "Name": "marquee-mark-origin"
            },
            "versioning": [
              {
                "enabled": false,
                "mfa_delete": false
              }
            ],
            "website": [
              {
                "error_document": "index.html",
                "index_document": "index.html",
                "redirect_all_requests_to": "",
                "routing_rules": ""
              }
            ],
            "website_domain": "s3-website-eu-west-1.amazonaws.com",
            "website_endpoint": "marquee-mark-origin.s3-website-eu-west-1.amazonaws.com"
          },
          "private": "bnVsbA=="
        }
      ]
    },
    {
      "module": "module.cloudfront-s3-cdn",
      "mode": "managed",
      "type": "aws_s3_bucket_policy",
      "name": "default",
      "each": "list",
      "provider": "provider.aws",
      "instances": [
        {
          "index_key": 0,
          "schema_version": 0,
          "attributes": {
            "bucket": "marquee-mark-origin",
            "id": "marquee-mark-origin",
            "policy": "{\"Version\":\"2012-10-17\",\"Statement\":[{\"Sid\":\"S3GetObjectForCloudFront\",\"Effect\":\"Allow\",\"Principal\":{\"AWS\":\"*\"},\"Action\":\"s3:GetObject\",\"Resource\":\"arn:aws:s3:::marquee-mark-origin/*\"}]}"
          },
          "private": "bnVsbA==",
          "dependencies": [
            "module.cloudfront-s3-cdn.aws_cloudfront_origin_access_identity.default",
            "module.cloudfront-s3-cdn.aws_s3_bucket.origin"
          ]
        }
      ]
    },
    {
      "module": "module.cloudfront-s3-cdn.module.logs",
      "mode": "managed",
      "type": "aws_s3_bucket_public_access_block",
      "name": "default",
      "each": "list",
      "provider": "provider.aws",
      "instances": [
        {
          "index_key": 0,
          "schema_version": 0,
          "attributes": {
            "block_public_acls": true,
            "block_public_policy": true,
            "bucket": "marquee-mark-logs",
            "id": "marquee-mark-logs",
            "ignore_public_acls": true,
            "restrict_public_buckets": true
          },
          "private": "bnVsbA==",
          "dependencies": [
            "module.cloudfront-s3-cdn.module.logs.aws_s3_bucket.default"
          ]
        }
      ]
    }
  ]
}
